
Microsoft Visual Studio Solution File, Format Version 12.00
# Visual Studio Version 16
VisualStudioVersion = 16.0.31025.194
MinimumVisualStudioVersion = 10.0.40219.1
Project("{9A19103F-16F7-4668-BE54-9A1E7A4F7556}") = "Calculator_methods(functions)", "Calculator_methods(functions)\Calculator_methods(functions).csproj", "{040AB849-1131-4782-BD6B-44670D632951}"
EndProject
Project("{9A19103F-16F7-4668-BE54-9A1E7A4F7556}") = "Triangles_(methods_functions)", "Triangles_(methods_functions)\Triangles_(methods_functions).csproj", "{0205CEFB-8B27-44FC-8614-104C705A3387}"
EndProject
Project("{FAE04EC0-301F-11D3-BF4B-00C04F79EFBC}") = "Calculator_taste_(functions)", "Calculator_taste_(functions)\Calculator_taste_(functions).csproj", "{71CA207F-37F6-4B51-BBBD-04C721D8C8BD}"
EndProject
Global
	GlobalSection(SolutionConfigurationPlatforms) = preSolution
		Debug|Any CPU = Debug|Any CPU
		Release|Any CPU = Release|Any CPU
	EndGlobalSection
	GlobalSection(ProjectConfigurationPlatforms) = postSolution
		{040AB849-1131-4782-BD6B-44670D632951}.Debug|Any CPU.ActiveCfg = Debug|Any CPU
		{040AB849-1131-4782-BD6B-44670D632951}.Debug|Any CPU.Build.0 = Debug|Any CPU
		{040AB849-1131-4782-BD6B-44670D632951}.Release|Any CPU.ActiveCfg = Release|Any CPU
		{040AB849-1131-4782-BD6B-44670D632951}.Release|Any CPU.Build.0 = Release|Any CPU
		{0205CEFB-8B27-44FC-8614-104C705A3387}.Debug|Any CPU.ActiveCfg = Debug|Any CPU
		{0205CEFB-8B27-44FC-8614-104C705A3387}.Debug|Any CPU.Build.0 = Debug|Any CPU
		{0205CEFB-8B27-44FC-8614-104C705A3387}.Release|Any CPU.ActiveCfg = Release|Any CPU
		{0205CEFB-8B27-44FC-8614-104C705A3387}.Release|Any CPU.Build.0 = Release|Any CPU
		{71CA207F-37F6-4B51-BBBD-04C721D8C8BD}.Debug|Any CPU.ActiveCfg = Debug|Any CPU
		{71CA207F-37F6-4B51-BBBD-04C721D8C8BD}.Debug|Any CPU.Build.0 = Debug|Any CPU
		{71CA207F-37F6-4B51-BBBD-04C721D8C8BD}.Release|Any CPU.ActiveCfg = Release|Any CPU
		{71CA207F-37F6-4B51-BBBD-04C721D8C8BD}.Release|Any CPU.Build.0 = Release|Any CPU
	EndGlobalSection
	GlobalSection(SolutionProperties) = preSolution
		HideSolutionNode = FALSE
	EndGlobalSection
	GlobalSection(ExtensibilityGlobals) = postSolution
		SolutionGuid = {87CAF301-FAA6-4090-9A76-63CC640269EE}
	EndGlobalSection
EndGlobal
