
Microsoft Visual Studio Solution File, Format Version 12.00
# Visual Studio Version 16
VisualStudioVersion = 16.0.31025.194
MinimumVisualStudioVersion = 10.0.40219.1
Project("{9A19103F-16F7-4668-BE54-9A1E7A4F7556}") = "Pyphagoras_table_(functyons)", "Pyphagoras_table_(functyons)\Pyphagoras_table_(functyons).csproj", "{4E8C256F-3A40-46EF-9B27-BCAE1A9C17AD}"
EndProject
Project("{FAE04EC0-301F-11D3-BF4B-00C04F79EFBC}") = "Pyphagoras_table_(Function_there)", "Pyphagoras_table_(Function_there)\Pyphagoras_table_(Function_there).csproj", "{7223FDE5-95A4-4D47-84CF-90C949CAFB50}"
EndProject
Global
	GlobalSection(SolutionConfigurationPlatforms) = preSolution
		Debug|Any CPU = Debug|Any CPU
		Release|Any CPU = Release|Any CPU
	EndGlobalSection
	GlobalSection(ProjectConfigurationPlatforms) = postSolution
		{4E8C256F-3A40-46EF-9B27-BCAE1A9C17AD}.Debug|Any CPU.ActiveCfg = Debug|Any CPU
		{4E8C256F-3A40-46EF-9B27-BCAE1A9C17AD}.Debug|Any CPU.Build.0 = Debug|Any CPU
		{4E8C256F-3A40-46EF-9B27-BCAE1A9C17AD}.Release|Any CPU.ActiveCfg = Release|Any CPU
		{4E8C256F-3A40-46EF-9B27-BCAE1A9C17AD}.Release|Any CPU.Build.0 = Release|Any CPU
		{7223FDE5-95A4-4D47-84CF-90C949CAFB50}.Debug|Any CPU.ActiveCfg = Debug|Any CPU
		{7223FDE5-95A4-4D47-84CF-90C949CAFB50}.Debug|Any CPU.Build.0 = Debug|Any CPU
		{7223FDE5-95A4-4D47-84CF-90C949CAFB50}.Release|Any CPU.ActiveCfg = Release|Any CPU
		{7223FDE5-95A4-4D47-84CF-90C949CAFB50}.Release|Any CPU.Build.0 = Release|Any CPU
	EndGlobalSection
	GlobalSection(SolutionProperties) = preSolution
		HideSolutionNode = FALSE
	EndGlobalSection
	GlobalSection(ExtensibilityGlobals) = postSolution
		SolutionGuid = {0B768B16-2F84-4186-A894-328AFA2BA0AA}
	EndGlobalSection
EndGlobal
